
Microsoft Visual Studio Solution File, Format Version 12.00
# Visual Studio Version 17
VisualStudioVersion = 17.4.33213.308
MinimumVisualStudioVersion = 10.0.40219.1
Project("{FAE04EC0-301F-11D3-BF4B-00C04F79EFBC}") = "ApiHotReload", "ApiHotReload\ApiHotReload.csproj", "{36DB1251-C218-4C96-9F40-54B934B75F54}"
EndProject
Global
	GlobalSection(SolutionConfigurationPlatforms) = preSolution
		Debug|Any CPU = Debug|Any CPU
		Release|Any CPU = Release|Any CPU
	EndGlobalSection
	GlobalSection(ProjectConfigurationPlatforms) = postSolution
		{36DB1251-C218-4C96-9F40-54B934B75F54}.Debug|Any CPU.ActiveCfg = Debug|Any CPU
		{36DB1251-C218-4C96-9F40-54B934B75F54}.Debug|Any CPU.Build.0 = Debug|Any CPU
		{36DB1251-C218-4C96-9F40-54B934B75F54}.Release|Any CPU.ActiveCfg = Release|Any CPU
		{36DB1251-C218-4C96-9F40-54B934B75F54}.Release|Any CPU.Build.0 = Release|Any CPU
	EndGlobalSection
	GlobalSection(SolutionProperties) = preSolution
		HideSolutionNode = FALSE
	EndGlobalSection
	GlobalSection(ExtensibilityGlobals) = postSolution
		SolutionGuid = {D90358FA-02CE-4647-B45B-EB72DD074684}
	EndGlobalSection
EndGlobal
